
Microsoft Visual Studio Solution File, Format Version 12.00
# Visual Studio Version 17
VisualStudioVersion = 17.10.34928.147
MinimumVisualStudioVersion = 10.0.40219.1
Project("{FAE04EC0-301F-11D3-BF4B-00C04F79EFBC}") = "Mywebapi", "Mywebapi.csproj", "{A8B7CBE5-2A21-466E-A689-46C65B8FBD77}"
EndProject
Global
	GlobalSection(SolutionConfigurationPlatforms) = preSolution
		Debug|Any CPU = Debug|Any CPU
		Release|Any CPU = Release|Any CPU
	EndGlobalSection
	GlobalSection(ProjectConfigurationPlatforms) = postSolution
		{A8B7CBE5-2A21-466E-A689-46C65B8FBD77}.Debug|Any CPU.ActiveCfg = Debug|Any CPU
		{A8B7CBE5-2A21-466E-A689-46C65B8FBD77}.Debug|Any CPU.Build.0 = Debug|Any CPU
		{A8B7CBE5-2A21-466E-A689-46C65B8FBD77}.Release|Any CPU.ActiveCfg = Release|Any CPU
		{A8B7CBE5-2A21-466E-A689-46C65B8FBD77}.Release|Any CPU.Build.0 = Release|Any CPU
	EndGlobalSection
	GlobalSection(SolutionProperties) = preSolution
		HideSolutionNode = FALSE
	EndGlobalSection
	GlobalSection(ExtensibilityGlobals) = postSolution
		SolutionGuid = {DB996952-01A8-4F9F-AC67-1C40F50F1D16}
	EndGlobalSection
EndGlobal
